
Microsoft Visual Studio Solution File, Format Version 12.00
# Visual Studio Version 17
VisualStudioVersion = 17.5.33502.453
MinimumVisualStudioVersion = 10.0.40219.1
Project("{FAE04EC0-301F-11D3-BF4B-00C04F79EFBC}") = "ApiAutores", "ApiAutores.csproj", "{DF0F5B91-04BA-462A-9ECC-B0C93A22B89A}"
EndProject
Global
	GlobalSection(SolutionConfigurationPlatforms) = preSolution
		Debug|Any CPU = Debug|Any CPU
		Release|Any CPU = Release|Any CPU
	EndGlobalSection
	GlobalSection(ProjectConfigurationPlatforms) = postSolution
		{DF0F5B91-04BA-462A-9ECC-B0C93A22B89A}.Debug|Any CPU.ActiveCfg = Debug|Any CPU
		{DF0F5B91-04BA-462A-9ECC-B0C93A22B89A}.Debug|Any CPU.Build.0 = Debug|Any CPU
		{DF0F5B91-04BA-462A-9ECC-B0C93A22B89A}.Release|Any CPU.ActiveCfg = Release|Any CPU
		{DF0F5B91-04BA-462A-9ECC-B0C93A22B89A}.Release|Any CPU.Build.0 = Release|Any CPU
	EndGlobalSection
	GlobalSection(SolutionProperties) = preSolution
		HideSolutionNode = FALSE
	EndGlobalSection
	GlobalSection(ExtensibilityGlobals) = postSolution
		SolutionGuid = {A0D97953-D8A2-4442-B783-B50C9D34B43A}
	EndGlobalSection
EndGlobal
